
Microsoft Visual Studio Solution File, Format Version 12.00
# Visual Studio Version 16
VisualStudioVersion = 16.0.30804.86
MinimumVisualStudioVersion = 10.0.40219.1
Project("{2150E333-8FDC-42A3-9474-1A3956D46DE8}") = "src", "src", "{C68DE338-79A4-405B-9DA4-2E52DBED3669}"
EndProject
Project("{2150E333-8FDC-42A3-9474-1A3956D46DE8}") = "doc", "doc", "{B05765B7-5C57-4C64-B57E-2DB1783CC918}"
	ProjectSection(SolutionItems) = preProject
		LICENSE.md = LICENSE.md
		README.md = README.md
	EndProjectSection
EndProject
Project("{2150E333-8FDC-42A3-9474-1A3956D46DE8}") = "tests", "tests", "{4CD449B0-7238-4487-AE9E-930C75727794}"
EndProject
Project("{2150E333-8FDC-42A3-9474-1A3956D46DE8}") = "scripts", "scripts", "{BE869304-83F4-491D-ABF9-1A6BCAD64AFF}"
	ProjectSection(SolutionItems) = preProject
		scripts\run-scanner-sonarqube.ps1 = scripts\run-scanner-sonarqube.ps1
	EndProjectSection
EndProject
Project("{9A19103F-16F7-4668-BE54-9A1E7A4F7556}") = "CodeDesignPlus.Event.Bus", "src\CodeDesignPlus.Event.Bus\CodeDesignPlus.Event.Bus.csproj", "{9303F95A-1018-4235-821D-05CB6241C326}"
EndProject
Project("{9A19103F-16F7-4668-BE54-9A1E7A4F7556}") = "CodeDesignPlus.Event.Bus.Test", "tests\CodeDesignPlus.Event.Bus.Test\CodeDesignPlus.Event.Bus.Test.csproj", "{65963C94-7430-4F49-A160-C496F4628BD0}"
EndProject
Project("{2150E333-8FDC-42A3-9474-1A3956D46DE8}") = "pipelines", "pipelines", "{601EE1C3-B3FF-453C-B8BF-F5DFC093FD23}"
	ProjectSection(SolutionItems) = preProject
		pipelines\git-version.yaml = pipelines\git-version.yaml
	EndProjectSection
EndProject
Project("{9A19103F-16F7-4668-BE54-9A1E7A4F7556}") = "CodeDesignPlus.Event.Bus.Without.EventBusService.Test", "tests\CodeDesignPlus.Event.Bus.Without.EventBusService.Test\CodeDesignPlus.Event.Bus.Without.EventBusService.Test.csproj", "{6ED793CA-E529-492B-85C9-BD5047911080}"
EndProject
Project("{2150E333-8FDC-42A3-9474-1A3956D46DE8}") = "images", "images", "{5BE64C3A-7851-4151-9DA7-B8E8498316F7}"
EndProject
Project("{2150E333-8FDC-42A3-9474-1A3956D46DE8}") = "diagram", "diagram", "{A0347382-75A8-4149-A554-A77A730A4AFD}"
	ProjectSection(SolutionItems) = preProject
		doc\diagrams\Diagrama.drawio = doc\diagrams\Diagrama.drawio
	EndProjectSection
EndProject
Global
	GlobalSection(SolutionConfigurationPlatforms) = preSolution
		Debug|Any CPU = Debug|Any CPU
		Release|Any CPU = Release|Any CPU
	EndGlobalSection
	GlobalSection(ProjectConfigurationPlatforms) = postSolution
		{9303F95A-1018-4235-821D-05CB6241C326}.Debug|Any CPU.ActiveCfg = Debug|Any CPU
		{9303F95A-1018-4235-821D-05CB6241C326}.Debug|Any CPU.Build.0 = Debug|Any CPU
		{9303F95A-1018-4235-821D-05CB6241C326}.Release|Any CPU.ActiveCfg = Release|Any CPU
		{9303F95A-1018-4235-821D-05CB6241C326}.Release|Any CPU.Build.0 = Release|Any CPU
		{65963C94-7430-4F49-A160-C496F4628BD0}.Debug|Any CPU.ActiveCfg = Debug|Any CPU
		{65963C94-7430-4F49-A160-C496F4628BD0}.Debug|Any CPU.Build.0 = Debug|Any CPU
		{65963C94-7430-4F49-A160-C496F4628BD0}.Release|Any CPU.ActiveCfg = Release|Any CPU
		{65963C94-7430-4F49-A160-C496F4628BD0}.Release|Any CPU.Build.0 = Release|Any CPU
		{6ED793CA-E529-492B-85C9-BD5047911080}.Debug|Any CPU.ActiveCfg = Debug|Any CPU
		{6ED793CA-E529-492B-85C9-BD5047911080}.Debug|Any CPU.Build.0 = Debug|Any CPU
		{6ED793CA-E529-492B-85C9-BD5047911080}.Release|Any CPU.ActiveCfg = Release|Any CPU
		{6ED793CA-E529-492B-85C9-BD5047911080}.Release|Any CPU.Build.0 = Release|Any CPU
	EndGlobalSection
	GlobalSection(SolutionProperties) = preSolution
		HideSolutionNode = FALSE
	EndGlobalSection
	GlobalSection(NestedProjects) = preSolution
		{9303F95A-1018-4235-821D-05CB6241C326} = {C68DE338-79A4-405B-9DA4-2E52DBED3669}
		{65963C94-7430-4F49-A160-C496F4628BD0} = {4CD449B0-7238-4487-AE9E-930C75727794}
		{6ED793CA-E529-492B-85C9-BD5047911080} = {4CD449B0-7238-4487-AE9E-930C75727794}
		{5BE64C3A-7851-4151-9DA7-B8E8498316F7} = {B05765B7-5C57-4C64-B57E-2DB1783CC918}
		{A0347382-75A8-4149-A554-A77A730A4AFD} = {B05765B7-5C57-4C64-B57E-2DB1783CC918}
	EndGlobalSection
	GlobalSection(ExtensibilityGlobals) = postSolution
		SolutionGuid = {26813293-6EDA-4BAE-8A0A-954028266FA3}
	EndGlobalSection
EndGlobal
